// !$*UTF8*$!
{
	archiveVersion = 1;
	classes = {
	};
	objectVersion = 46;
	objects = {

/* Begin PBXBuildFile section */
		3C11B16B15F49980005D790F /* HomeViewController.m in Sources */ = {isa = PBXBuildFile; fileRef = 3C11B16915F49980005D790F /* HomeViewController.m */; };
		3C11B16C15F49980005D790F /* HomeViewController.xib in Resources */ = {isa = PBXBuildFile; fileRef = 3C11B16A15F49980005D790F /* HomeViewController.xib */; };
		3C11B17115F499BC005D790F /* ProfileViewController.m in Sources */ = {isa = PBXBuildFile; fileRef = 3C11B16F15F499BC005D790F /* ProfileViewController.m */; };
		3C11B17215F499BC005D790F /* ProfileViewController.xib in Resources */ = {isa = PBXBuildFile; fileRef = 3C11B17015F499BC005D790F /* ProfileViewController.xib */; };
		3C11B17515F499E6005D790F /* HeaderStatusBasedViewController.m in Sources */ = {isa = PBXBuildFile; fileRef = 3C11B17415F499E6005D790F /* HeaderStatusBasedViewController.m */; };
		3C11B17815F49A11005D790F /* HeaderView.m in Sources */ = {isa = PBXBuildFile; fileRef = 3C11B17715F49A11005D790F /* HeaderView.m */; };
		3C11B17E15F49A35005D790F /* StatusView.m in Sources */ = {isa = PBXBuildFile; fileRef = 3C11B17D15F49A35005D790F /* StatusView.m */; };
		3C11B18115F49B42005D790F /* HeaderView.xib in Resources */ = {isa = PBXBuildFile; fileRef = 3C11B18015F49B42005D790F /* HeaderView.xib */; };
		3C11B18315F49B55005D790F /* StatusView.xib in Resources */ = {isa = PBXBuildFile; fileRef = 3C11B18215F49B55005D790F /* StatusView.xib */; };
		3C11B18615F49B71005D790F /* IBView.m in Sources */ = {isa = PBXBuildFile; fileRef = 3C11B18515F49B71005D790F /* IBView.m */; };
		3C11B19315F4A0ED005D790F /* header.backarrow.png in Resources */ = {isa = PBXBuildFile; fileRef = 3C11B18C15F4A0ED005D790F /* header.backarrow.png */; };
		3C11B19415F4A0ED005D790F /* header.backarrow@2x.png in Resources */ = {isa = PBXBuildFile; fileRef = 3C11B18D15F4A0ED005D790F /* header.backarrow@2x.png */; };
		3C11B19515F4A0ED005D790F /* header.bg.png in Resources */ = {isa = PBXBuildFile; fileRef = 3C11B18E15F4A0ED005D790F /* header.bg.png */; };
		3C11B19615F4A0ED005D790F /* header.camera.icon.png in Resources */ = {isa = PBXBuildFile; fileRef = 3C11B18F15F4A0ED005D790F /* header.camera.icon.png */; };
		3C11B19715F4A0ED005D790F /* header.qrcode.icon.png in Resources */ = {isa = PBXBuildFile; fileRef = 3C11B19015F4A0ED005D790F /* header.qrcode.icon.png */; };
		3C11B19815F4A0ED005D790F /* header.search.icon.png in Resources */ = {isa = PBXBuildFile; fileRef = 3C11B19115F4A0ED005D790F /* header.search.icon.png */; };
		3C11B19915F4A0ED005D790F /* header.seperate.icon.png in Resources */ = {isa = PBXBuildFile; fileRef = 3C11B19215F4A0ED005D790F /* header.seperate.icon.png */; };
		3C11B19D15F4A508005D790F /* NotificationManager.m in Sources */ = {isa = PBXBuildFile; fileRef = 3C11B19C15F4A507005D790F /* NotificationManager.m */; };
		3C47096E15F495B3005D8F2B /* UIKit.framework in Frameworks */ = {isa = PBXBuildFile; fileRef = 3C47096D15F495B3005D8F2B /* UIKit.framework */; };
		3C47097015F495B3005D8F2B /* Foundation.framework in Frameworks */ = {isa = PBXBuildFile; fileRef = 3C47096F15F495B3005D8F2B /* Foundation.framework */; };
		3C47097615F495B3005D8F2B /* InfoPlist.strings in Resources */ = {isa = PBXBuildFile; fileRef = 3C47097415F495B3005D8F2B /* InfoPlist.strings */; };
		3C47097815F495B3005D8F2B /* main.m in Sources */ = {isa = PBXBuildFile; fileRef = 3C47097715F495B3005D8F2B /* main.m */; };
		3C47097C15F495B3005D8F2B /* AppDelegate.m in Sources */ = {isa = PBXBuildFile; fileRef = 3C47097B15F495B3005D8F2B /* AppDelegate.m */; };
		3C47098115F495B3005D8F2B /* first.png in Resources */ = {isa = PBXBuildFile; fileRef = 3C47098015F495B3005D8F2B /* first.png */; };
		3C47098315F495B3005D8F2B /* first@2x.png in Resources */ = {isa = PBXBuildFile; fileRef = 3C47098215F495B3005D8F2B /* first@2x.png */; };
		3C47098815F495B3005D8F2B /* second.png in Resources */ = {isa = PBXBuildFile; fileRef = 3C47098715F495B3005D8F2B /* second.png */; };
		3C47098A15F495B3005D8F2B /* second@2x.png in Resources */ = {isa = PBXBuildFile; fileRef = 3C47098915F495B3005D8F2B /* second@2x.png */; };
		7D7D154615F7D14F002F8690 /* feeds.plist in Resources */ = {isa = PBXBuildFile; fileRef = 7D7D154515F7D14F002F8690 /* feeds.plist */; };
		7D7D154915F7D29A002F8690 /* FeedsManager.m in Sources */ = {isa = PBXBuildFile; fileRef = 7D7D154815F7D29A002F8690 /* FeedsManager.m */; };
/* End PBXBuildFile section */

/* Begin PBXFileReference section */
		3C11B16815F49980005D790F /* HomeViewController.h */ = {isa = PBXFileReference; fileEncoding = 4; lastKnownFileType = sourcecode.c.h; name = HomeViewController.h; path = ViewControllers/HomeViewController.h; sourceTree = "<group>"; };
		3C11B16915F49980005D790F /* HomeViewController.m */ = {isa = PBXFileReference; fileEncoding = 4; lastKnownFileType = sourcecode.c.objc; name = HomeViewController.m; path = ViewControllers/HomeViewController.m; sourceTree = "<group>"; };
		3C11B16A15F49980005D790F /* HomeViewController.xib */ = {isa = PBXFileReference; fileEncoding = 4; lastKnownFileType = file.xib; name = HomeViewController.xib; path = ViewControllers/HomeViewController.xib; sourceTree = "<group>"; };
		3C11B16E15F499BC005D790F /* ProfileViewController.h */ = {isa = PBXFileReference; fileEncoding = 4; lastKnownFileType = sourcecode.c.h; name = ProfileViewController.h; path = ViewControllers/ProfileViewController.h; sourceTree = "<group>"; };
		3C11B16F15F499BC005D790F /* ProfileViewController.m */ = {isa = PBXFileReference; fileEncoding = 4; lastKnownFileType = sourcecode.c.objc; name = ProfileViewController.m; path = ViewControllers/ProfileViewController.m; sourceTree = "<group>"; };
		3C11B17015F499BC005D790F /* ProfileViewController.xib */ = {isa = PBXFileReference; fileEncoding = 4; lastKnownFileType = file.xib; name = ProfileViewController.xib; path = ViewControllers/ProfileViewController.xib; sourceTree = "<group>"; };
		3C11B17315F499E6005D790F /* HeaderStatusBasedViewController.h */ = {isa = PBXFileReference; fileEncoding = 4; lastKnownFileType = sourcecode.c.h; name = HeaderStatusBasedViewController.h; path = ViewControllers/HeaderStatusBasedViewController.h; sourceTree = "<group>"; };
		3C11B17415F499E6005D790F /* HeaderStatusBasedViewController.m */ = {isa = PBXFileReference; fileEncoding = 4; lastKnownFileType = sourcecode.c.objc; name = HeaderStatusBasedViewController.m; path = ViewControllers/HeaderStatusBasedViewController.m; sourceTree = "<group>"; };
		3C11B17615F49A11005D790F /* HeaderView.h */ = {isa = PBXFileReference; fileEncoding = 4; lastKnownFileType = sourcecode.c.h; name = HeaderView.h; path = Components/HeaderView.h; sourceTree = "<group>"; };
		3C11B17715F49A11005D790F /* HeaderView.m */ = {isa = PBXFileReference; fileEncoding = 4; lastKnownFileType = sourcecode.c.objc; name = HeaderView.m; path = Components/HeaderView.m; sourceTree = "<group>"; };
		3C11B17C15F49A35005D790F /* StatusView.h */ = {isa = PBXFileReference; fileEncoding = 4; lastKnownFileType = sourcecode.c.h; name = StatusView.h; path = Components/StatusView.h; sourceTree = "<group>"; };
		3C11B17D15F49A35005D790F /* StatusView.m */ = {isa = PBXFileReference; fileEncoding = 4; lastKnownFileType = sourcecode.c.objc; name = StatusView.m; path = Components/StatusView.m; sourceTree = "<group>"; };
		3C11B18015F49B42005D790F /* HeaderView.xib */ = {isa = PBXFileReference; fileEncoding = 4; lastKnownFileType = file.xib; name = HeaderView.xib; path = Components/HeaderView.xib; sourceTree = "<group>"; };
		3C11B18215F49B55005D790F /* StatusView.xib */ = {isa = PBXFileReference; fileEncoding = 4; lastKnownFileType = file.xib; path = StatusView.xib; sourceTree = "<group>"; };
		3C11B18415F49B71005D790F /* IBView.h */ = {isa = PBXFileReference; fileEncoding = 4; lastKnownFileType = sourcecode.c.h; name = IBView.h; path = Components/IBView.h; sourceTree = "<group>"; };
		3C11B18515F49B71005D790F /* IBView.m */ = {isa = PBXFileReference; fileEncoding = 4; lastKnownFileType = sourcecode.c.objc; name = IBView.m; path = Components/IBView.m; sourceTree = "<group>"; };
		3C11B18C15F4A0ED005D790F /* header.backarrow.png */ = {isa = PBXFileReference; lastKnownFileType = image.png; name = header.backarrow.png; path = Resources/Images/header.backarrow.png; sourceTree = "<group>"; };
		3C11B18D15F4A0ED005D790F /* header.backarrow@2x.png */ = {isa = PBXFileReference; lastKnownFileType = image.png; name = "header.backarrow@2x.png"; path = "Resources/Images/header.backarrow@2x.png"; sourceTree = "<group>"; };
		3C11B18E15F4A0ED005D790F /* header.bg.png */ = {isa = PBXFileReference; lastKnownFileType = image.png; name = header.bg.png; path = Resources/Images/header.bg.png; sourceTree = "<group>"; };
		3C11B18F15F4A0ED005D790F /* header.camera.icon.png */ = {isa = PBXFileReference; lastKnownFileType = image.png; name = header.camera.icon.png; path = Resources/Images/header.camera.icon.png; sourceTree = "<group>"; };
		3C11B19015F4A0ED005D790F /* header.qrcode.icon.png */ = {isa = PBXFileReference; lastKnownFileType = image.png; name = header.qrcode.icon.png; path = Resources/Images/header.qrcode.icon.png; sourceTree = "<group>"; };
		3C11B19115F4A0ED005D790F /* header.search.icon.png */ = {isa = PBXFileReference; lastKnownFileType = image.png; name = header.search.icon.png; path = Resources/Images/header.search.icon.png; sourceTree = "<group>"; };
		3C11B19215F4A0ED005D790F /* header.seperate.icon.png */ = {isa = PBXFileReference; lastKnownFileType = image.png; name = header.seperate.icon.png; path = Resources/Images/header.seperate.icon.png; sourceTree = "<group>"; };
		3C11B19A15F4A239005D790F /* Components.h */ = {isa = PBXFileReference; fileEncoding = 4; lastKnownFileType = sourcecode.c.h; name = Components.h; path = Components/Components.h; sourceTree = "<group>"; };
		3C11B19B15F4A507005D790F /* NotificationManager.h */ = {isa = PBXFileReference; fileEncoding = 4; lastKnownFileType = sourcecode.c.h; name = NotificationManager.h; path = Managers/NotificationManager.h; sourceTree = "<group>"; };
		3C11B19C15F4A507005D790F /* NotificationManager.m */ = {isa = PBXFileReference; fileEncoding = 4; lastKnownFileType = sourcecode.c.objc; name = NotificationManager.m; path = Managers/NotificationManager.m; sourceTree = "<group>"; };
		3C47096915F495B3005D8F2B /* ComponentsBasedApp.app */ = {isa = PBXFileReference; explicitFileType = wrapper.application; includeInIndex = 0; path = ComponentsBasedApp.app; sourceTree = BUILT_PRODUCTS_DIR; };
		3C47096D15F495B3005D8F2B /* UIKit.framework */ = {isa = PBXFileReference; lastKnownFileType = wrapper.framework; name = UIKit.framework; path = System/Library/Frameworks/UIKit.framework; sourceTree = SDKROOT; };
		3C47096F15F495B3005D8F2B /* Foundation.framework */ = {isa = PBXFileReference; lastKnownFileType = wrapper.framework; name = Foundation.framework; path = System/Library/Frameworks/Foundation.framework; sourceTree = SDKROOT; };
		3C47097315F495B3005D8F2B /* ComponentsBasedApp-Info.plist */ = {isa = PBXFileReference; lastKnownFileType = text.plist.xml; path = "ComponentsBasedApp-Info.plist"; sourceTree = "<group>"; };
		3C47097515F495B3005D8F2B /* en */ = {isa = PBXFileReference; lastKnownFileType = text.plist.strings; name = en; path = en.lproj/InfoPlist.strings; sourceTree = "<group>"; };
		3C47097715F495B3005D8F2B /* main.m */ = {isa = PBXFileReference; lastKnownFileType = sourcecode.c.objc; path = main.m; sourceTree = "<group>"; };
		3C47097915F495B3005D8F2B /* ComponentsBasedApp-Prefix.pch */ = {isa = PBXFileReference; lastKnownFileType = sourcecode.c.h; path = "ComponentsBasedApp-Prefix.pch"; sourceTree = "<group>"; };
		3C47097A15F495B3005D8F2B /* AppDelegate.h */ = {isa = PBXFileReference; lastKnownFileType = sourcecode.c.h; path = AppDelegate.h; sourceTree = "<group>"; };
		3C47097B15F495B3005D8F2B /* AppDelegate.m */ = {isa = PBXFileReference; lastKnownFileType = sourcecode.c.objc; path = AppDelegate.m; sourceTree = "<group>"; };
		3C47098015F495B3005D8F2B /* first.png */ = {isa = PBXFileReference; lastKnownFileType = image.png; path = first.png; sourceTree = "<group>"; };
		3C47098215F495B3005D8F2B /* first@2x.png */ = {isa = PBXFileReference; lastKnownFileType = image.png; path = "first@2x.png"; sourceTree = "<group>"; };
		3C47098715F495B3005D8F2B /* second.png */ = {isa = PBXFileReference; lastKnownFileType = image.png; path = second.png; sourceTree = "<group>"; };
		3C47098915F495B3005D8F2B /* second@2x.png */ = {isa = PBXFileReference; lastKnownFileType = image.png; path = "second@2x.png"; sourceTree = "<group>"; };
		7D7D154515F7D14F002F8690 /* feeds.plist */ = {isa = PBXFileReference; fileEncoding = 4; lastKnownFileType = text.plist.xml; name = feeds.plist; path = Resources/data/feeds.plist; sourceTree = "<group>"; };
		7D7D154715F7D29A002F8690 /* FeedsManager.h */ = {isa = PBXFileReference; fileEncoding = 4; lastKnownFileType = sourcecode.c.h; name = FeedsManager.h; path = Managers/FeedsManager.h; sourceTree = "<group>"; };
		7D7D154815F7D29A002F8690 /* FeedsManager.m */ = {isa = PBXFileReference; fileEncoding = 4; lastKnownFileType = sourcecode.c.objc; name = FeedsManager.m; path = Managers/FeedsManager.m; sourceTree = "<group>"; };
/* End PBXFileReference section */

/* Begin PBXFrameworksBuildPhase section */
		3C47096615F495B3005D8F2B /* Frameworks */ = {
			isa = PBXFrameworksBuildPhase;
			buildActionMask = 2147483647;
			files = (
				3C47096E15F495B3005D8F2B /* UIKit.framework in Frameworks */,
				3C47097015F495B3005D8F2B /* Foundation.framework in Frameworks */,
			);
			runOnlyForDeploymentPostprocessing = 0;
		};
/* End PBXFrameworksBuildPhase section */

/* Begin PBXGroup section */
		3C11B17F15F49A4A005D790F /* Resources */ = {
			isa = PBXGroup;
			children = (
				7D7D154315F7D12C002F8690 /* data */,
				3C11B18B15F49F22005D790F /* Header */,
				3C47098015F495B3005D8F2B /* first.png */,
				3C47098215F495B3005D8F2B /* first@2x.png */,
				3C47098715F495B3005D8F2B /* second.png */,
				3C47098915F495B3005D8F2B /* second@2x.png */,
			);
			name = Resources;
			sourceTree = "<group>";
		};
		3C11B18B15F49F22005D790F /* Header */ = {
			isa = PBXGroup;
			children = (
				3C11B18C15F4A0ED005D790F /* header.backarrow.png */,
				3C11B18D15F4A0ED005D790F /* header.backarrow@2x.png */,
				3C11B18E15F4A0ED005D790F /* header.bg.png */,
				3C11B18F15F4A0ED005D790F /* header.camera.icon.png */,
				3C11B19015F4A0ED005D790F /* header.qrcode.icon.png */,
				3C11B19115F4A0ED005D790F /* header.search.icon.png */,
				3C11B19215F4A0ED005D790F /* header.seperate.icon.png */,
			);
			name = Header;
			sourceTree = "<group>";
		};
		3C11B19E15F4A50C005D790F /* Managers */ = {
			isa = PBXGroup;
			children = (
				3C11B19B15F4A507005D790F /* NotificationManager.h */,
				3C11B19C15F4A507005D790F /* NotificationManager.m */,
				7D7D154715F7D29A002F8690 /* FeedsManager.h */,
				7D7D154815F7D29A002F8690 /* FeedsManager.m */,
			);
			name = Managers;
			sourceTree = "<group>";
		};
		3C47095E15F495B3005D8F2B = {
			isa = PBXGroup;
			children = (
				3C47097115F495B3005D8F2B /* ComponentsBasedApp */,
				3C47096C15F495B3005D8F2B /* Frameworks */,
				3C47096A15F495B3005D8F2B /* Products */,
			);
			sourceTree = "<group>";
		};
		3C47096A15F495B3005D8F2B /* Products */ = {
			isa = PBXGroup;
			children = (
				3C47096915F495B3005D8F2B /* ComponentsBasedApp.app */,
			);
			name = Products;
			sourceTree = "<group>";
		};
		3C47096C15F495B3005D8F2B /* Frameworks */ = {
			isa = PBXGroup;
			children = (
				3C47096D15F495B3005D8F2B /* UIKit.framework */,
				3C47096F15F495B3005D8F2B /* Foundation.framework */,
			);
			name = Frameworks;
			sourceTree = "<group>";
		};
		3C47097115F495B3005D8F2B /* ComponentsBasedApp */ = {
			isa = PBXGroup;
			children = (
				3C11B17F15F49A4A005D790F /* Resources */,
				3C4709A015F498E4005D8F2B /* ViewControllers */,
				3C47099F15F498DC005D8F2B /* Components */,
				3C47097A15F495B3005D8F2B /* AppDelegate.h */,
				3C47097B15F495B3005D8F2B /* AppDelegate.m */,
				3C47097215F495B3005D8F2B /* Supporting Files */,
				3C11B19E15F4A50C005D790F /* Managers */,
			);
			path = ComponentsBasedApp;
			sourceTree = "<group>";
		};
		3C47097215F495B3005D8F2B /* Supporting Files */ = {
			isa = PBXGroup;
			children = (
				3C47097315F495B3005D8F2B /* ComponentsBasedApp-Info.plist */,
				3C47097415F495B3005D8F2B /* InfoPlist.strings */,
				3C47097715F495B3005D8F2B /* main.m */,
				3C47097915F495B3005D8F2B /* ComponentsBasedApp-Prefix.pch */,
			);
			name = "Supporting Files";
			sourceTree = "<group>";
		};
		3C47099F15F498DC005D8F2B /* Components */ = {
			isa = PBXGroup;
			children = (
				3C11B17615F49A11005D790F /* HeaderView.h */,
				3C11B17715F49A11005D790F /* HeaderView.m */,
				3C11B18015F49B42005D790F /* HeaderView.xib */,
				3C11B17C15F49A35005D790F /* StatusView.h */,
				3C11B17D15F49A35005D790F /* StatusView.m */,
				3C11B18215F49B55005D790F /* StatusView.xib */,
				3C11B18415F49B71005D790F /* IBView.h */,
				3C11B18515F49B71005D790F /* IBView.m */,
				3C11B19A15F4A239005D790F /* Components.h */,
			);
			name = Components;
			sourceTree = "<group>";
		};
		3C4709A015F498E4005D8F2B /* ViewControllers */ = {
			isa = PBXGroup;
			children = (
				3C11B16815F49980005D790F /* HomeViewController.h */,
				3C11B16915F49980005D790F /* HomeViewController.m */,
				3C11B16A15F49980005D790F /* HomeViewController.xib */,
				3C11B16E15F499BC005D790F /* ProfileViewController.h */,
				3C11B16F15F499BC005D790F /* ProfileViewController.m */,
				3C11B17015F499BC005D790F /* ProfileViewController.xib */,
				3C11B17315F499E6005D790F /* HeaderStatusBasedViewController.h */,
				3C11B17415F499E6005D790F /* HeaderStatusBasedViewController.m */,
			);
			name = ViewControllers;
			sourceTree = "<group>";
		};
		7D7D154315F7D12C002F8690 /* data */ = {
			isa = PBXGroup;
			children = (
				7D7D154515F7D14F002F8690 /* feeds.plist */,
			);
			name = data;
			sourceTree = "<group>";
		};
/* End PBXGroup section */

/* Begin PBXNativeTarget section */
		3C47096815F495B3005D8F2B /* ComponentsBasedApp */ = {
			isa = PBXNativeTarget;
			buildConfigurationList = 3C47099315F495B3005D8F2B /* Build configuration list for PBXNativeTarget "ComponentsBasedApp" */;
			buildPhases = (
				3C47096515F495B3005D8F2B /* Sources */,
				3C47096615F495B3005D8F2B /* Frameworks */,
				3C47096715F495B3005D8F2B /* Resources */,
			);
			buildRules = (
			);
			dependencies = (
			);
			name = ComponentsBasedApp;
			productName = ComponentsBasedApp;
			productReference = 3C47096915F495B3005D8F2B /* ComponentsBasedApp.app */;
			productType = "com.apple.product-type.application";
		};
/* End PBXNativeTarget section */

/* Begin PBXProject section */
		3C47096015F495B3005D8F2B /* Project object */ = {
			isa = PBXProject;
			attributes = {
				LastUpgradeCheck = 0420;
			};
			buildConfigurationList = 3C47096315F495B3005D8F2B /* Build configuration list for PBXProject "ComponentsBasedApp" */;
			compatibilityVersion = "Xcode 3.2";
			developmentRegion = English;
			hasScannedForEncodings = 0;
			knownRegions = (
				en,
			);
			mainGroup = 3C47095E15F495B3005D8F2B;
			productRefGroup = 3C47096A15F495B3005D8F2B /* Products */;
			projectDirPath = "";
			projectRoot = "";
			targets = (
				3C47096815F495B3005D8F2B /* ComponentsBasedApp */,
			);
		};
/* End PBXProject section */

/* Begin PBXResourcesBuildPhase section */
		3C47096715F495B3005D8F2B /* Resources */ = {
			isa = PBXResourcesBuildPhase;
			buildActionMask = 2147483647;
			files = (
				3C47097615F495B3005D8F2B /* InfoPlist.strings in Resources */,
				3C47098115F495B3005D8F2B /* first.png in Resources */,
				3C47098315F495B3005D8F2B /* first@2x.png in Resources */,
				3C47098815F495B3005D8F2B /* second.png in Resources */,
				3C47098A15F495B3005D8F2B /* second@2x.png in Resources */,
				3C11B16C15F49980005D790F /* HomeViewController.xib in Resources */,
				3C11B17215F499BC005D790F /* ProfileViewController.xib in Resources */,
				3C11B18115F49B42005D790F /* HeaderView.xib in Resources */,
				3C11B18315F49B55005D790F /* StatusView.xib in Resources */,
				3C11B19315F4A0ED005D790F /* header.backarrow.png in Resources */,
				3C11B19415F4A0ED005D790F /* header.backarrow@2x.png in Resources */,
				3C11B19515F4A0ED005D790F /* header.bg.png in Resources */,
				3C11B19615F4A0ED005D790F /* header.camera.icon.png in Resources */,
				3C11B19715F4A0ED005D790F /* header.qrcode.icon.png in Resources */,
				3C11B19815F4A0ED005D790F /* header.search.icon.png in Resources */,
				3C11B19915F4A0ED005D790F /* header.seperate.icon.png in Resources */,
				7D7D154615F7D14F002F8690 /* feeds.plist in Resources */,
			);
			runOnlyForDeploymentPostprocessing = 0;
		};
/* End PBXResourcesBuildPhase section */

/* Begin PBXSourcesBuildPhase section */
		3C47096515F495B3005D8F2B /* Sources */ = {
			isa = PBXSourcesBuildPhase;
			buildActionMask = 2147483647;
			files = (
				3C47097815F495B3005D8F2B /* main.m in Sources */,
				3C47097C15F495B3005D8F2B /* AppDelegate.m in Sources */,
				3C11B16B15F49980005D790F /* HomeViewController.m in Sources */,
				3C11B17115F499BC005D790F /* ProfileViewController.m in Sources */,
				3C11B17515F499E6005D790F /* HeaderStatusBasedViewController.m in Sources */,
				3C11B17815F49A11005D790F /* HeaderView.m in Sources */,
				3C11B17E15F49A35005D790F /* StatusView.m in Sources */,
				3C11B18615F49B71005D790F /* IBView.m in Sources */,
				3C11B19D15F4A508005D790F /* NotificationManager.m in Sources */,
				7D7D154915F7D29A002F8690 /* FeedsManager.m in Sources */,
			);
			runOnlyForDeploymentPostprocessing = 0;
		};
/* End PBXSourcesBuildPhase section */

/* Begin PBXVariantGroup section */
		3C47097415F495B3005D8F2B /* InfoPlist.strings */ = {
			isa = PBXVariantGroup;
			children = (
				3C47097515F495B3005D8F2B /* en */,
			);
			name = InfoPlist.strings;
			sourceTree = "<group>";
		};
/* End PBXVariantGroup section */

/* Begin XCBuildConfiguration section */
		3C47099115F495B3005D8F2B /* Debug */ = {
			isa = XCBuildConfiguration;
			buildSettings = {
				ALWAYS_SEARCH_USER_PATHS = NO;
				ARCHS = "$(ARCHS_STANDARD_32_BIT)";
				CLANG_ENABLE_OBJC_ARC = YES;
				"CODE_SIGN_IDENTITY[sdk=iphoneos*]" = "iPhone Developer";
				COPY_PHASE_STRIP = NO;
				GCC_C_LANGUAGE_STANDARD = gnu99;
				GCC_DYNAMIC_NO_PIC = NO;
				GCC_OPTIMIZATION_LEVEL = 0;
				GCC_PREPROCESSOR_DEFINITIONS = (
					"DEBUG=1",
					"$(inherited)",
				);
				GCC_SYMBOLS_PRIVATE_EXTERN = NO;
				GCC_VERSION = com.apple.compilers.llvm.clang.1_0;
				GCC_WARN_ABOUT_MISSING_PROTOTYPES = YES;
				GCC_WARN_ABOUT_RETURN_TYPE = YES;
				GCC_WARN_UNUSED_VARIABLE = YES;
				IPHONEOS_DEPLOYMENT_TARGET = 5.0;
				SDKROOT = iphoneos;
			};
			name = Debug;
		};
		3C47099215F495B3005D8F2B /* Release */ = {
			isa = XCBuildConfiguration;
			buildSettings = {
				ALWAYS_SEARCH_USER_PATHS = NO;
				ARCHS = "$(ARCHS_STANDARD_32_BIT)";
				CLANG_ENABLE_OBJC_ARC = YES;
				"CODE_SIGN_IDENTITY[sdk=iphoneos*]" = "iPhone Developer";
				COPY_PHASE_STRIP = YES;
				GCC_C_LANGUAGE_STANDARD = gnu99;
				GCC_VERSION = com.apple.compilers.llvm.clang.1_0;
				GCC_WARN_ABOUT_MISSING_PROTOTYPES = YES;
				GCC_WARN_ABOUT_RETURN_TYPE = YES;
				GCC_WARN_UNUSED_VARIABLE = YES;
				IPHONEOS_DEPLOYMENT_TARGET = 5.0;
				OTHER_CFLAGS = "-DNS_BLOCK_ASSERTIONS=1";
				SDKROOT = iphoneos;
				VALIDATE_PRODUCT = YES;
			};
			name = Release;
		};
		3C47099415F495B3005D8F2B /* Debug */ = {
			isa = XCBuildConfiguration;
			buildSettings = {
				GCC_PRECOMPILE_PREFIX_HEADER = YES;
				GCC_PREFIX_HEADER = "ComponentsBasedApp/ComponentsBasedApp-Prefix.pch";
				INFOPLIST_FILE = "ComponentsBasedApp/ComponentsBasedApp-Info.plist";
				PRODUCT_NAME = "$(TARGET_NAME)";
				WRAPPER_EXTENSION = app;
			};
			name = Debug;
		};
		3C47099515F495B3005D8F2B /* Release */ = {
			isa = XCBuildConfiguration;
			buildSettings = {
				GCC_PRECOMPILE_PREFIX_HEADER = YES;
				GCC_PREFIX_HEADER = "ComponentsBasedApp/ComponentsBasedApp-Prefix.pch";
				INFOPLIST_FILE = "ComponentsBasedApp/ComponentsBasedApp-Info.plist";
				PRODUCT_NAME = "$(TARGET_NAME)";
				WRAPPER_EXTENSION = app;
			};
			name = Release;
		};
/* End XCBuildConfiguration section */

/* Begin XCConfigurationList section */
		3C47096315F495B3005D8F2B /* Build configuration list for PBXProject "ComponentsBasedApp" */ = {
			isa = XCConfigurationList;
			buildConfigurations = (
				3C47099115F495B3005D8F2B /* Debug */,
				3C47099215F495B3005D8F2B /* Release */,
			);
			defaultConfigurationIsVisible = 0;
			defaultConfigurationName = Release;
		};
		3C47099315F495B3005D8F2B /* Build configuration list for PBXNativeTarget "ComponentsBasedApp" */ = {
			isa = XCConfigurationList;
			buildConfigurations = (
				3C47099415F495B3005D8F2B /* Debug */,
				3C47099515F495B3005D8F2B /* Release */,
			);
			defaultConfigurationIsVisible = 0;
			defaultConfigurationName = Release;
		};
/* End XCConfigurationList section */
	};
	rootObject = 3C47096015F495B3005D8F2B /* Project object */;
}
